{
  "version": 4,
  "terraform_version": "1.12.2",
  "serial": 42,
  "lineage": "bf797998-4d93-10ac-9ba6-c1c780d2bd38",
  "outputs": {
    "key_file_path": {
      "value": "./indexer-key.pem",
      "type": "string"
    }
  },
  "resources": [
    {
      "mode": "data",
      "type": "aws_ami",
      "name": "redhat",
      "provider": "provider[\"registry.terraform.io/hashicorp/aws\"]",
      "instances": [
        {
          "schema_version": 0,
          "attributes": {
            "allow_unsafe_filter": null,
            "architecture": "x86_64",
            "arn": "arn:aws:ec2:ap-south-1::image/ami-04708942c263d8190",
            "block_device_mappings": [
              {
                "device_name": "/dev/sda1",
                "ebs": {
                  "delete_on_termination": "true",
                  "encrypted": "false",
                  "iops": "0",
                  "snapshot_id": "snap-0790954fc6efd1499",
                  "throughput": "0",
                  "volume_initialization_rate": "0",
                  "volume_size": "10",
                  "volume_type": "gp2"
                },
                "no_device": "",
                "virtual_name": ""
              }
            ],
            "boot_mode": "uefi-preferred",
            "creation_date": "2023-11-09T19:00:35.000Z",
            "deprecation_time": "2025-11-09T19:00:35.000Z",
            "description": "Provided by Red Hat, Inc.",
            "ena_support": true,
            "executable_users": null,
            "filter": [
              {
                "name": "architecture",
                "values": [
                  "x86_64"
                ]
              },
              {
                "name": "block-device-mapping.volume-type",
                "values": [
                  "gp2"
                ]
              },
              {
                "name": "image-type",
                "values": [
                  "machine"
                ]
              },
              {
                "name": "name",
                "values": [
                  "RHEL-9.3.0_HVM-*-x86_64-*Hourly2-GP2"
                ]
              },
              {
                "name": "root-device-type",
                "values": [
                  "ebs"
                ]
              },
              {
                "name": "state",
                "values": [
                  "available"
                ]
              },
              {
                "name": "virtualization-type",
                "values": [
                  "hvm"
                ]
              }
            ],
            "hypervisor": "xen",
            "id": "ami-04708942c263d8190",
            "image_id": "ami-04708942c263d8190",
            "image_location": "amazon/RHEL-9.3.0_HVM-20231101-x86_64-5-Hourly2-GP2",
            "image_owner_alias": "amazon",
            "image_type": "machine",
            "imds_support": "",
            "include_deprecated": false,
            "kernel_id": "",
            "last_launched_time": "",
            "most_recent": true,
            "name": "RHEL-9.3.0_HVM-20231101-x86_64-5-Hourly2-GP2",
            "name_regex": null,
            "owner_id": "309956199498",
            "owners": [
              "309956199498"
            ],
            "platform": "",
            "platform_details": "Red Hat Enterprise Linux",
            "product_codes": [],
            "public": true,
            "ramdisk_id": "",
            "region": "ap-south-1",
            "root_device_name": "/dev/sda1",
            "root_device_type": "ebs",
            "root_snapshot_id": "snap-0790954fc6efd1499",
            "sriov_net_support": "simple",
            "state": "available",
            "state_reason": {
              "code": "UNSET",
              "message": "UNSET"
            },
            "tags": {},
            "timeouts": null,
            "tpm_support": "",
            "uefi_data": null,
            "usage_operation": "RunInstances:0010",
            "virtualization_type": "hvm"
          },
          "sensitive_attributes": [],
          "identity_schema_version": 0
        }
      ]
    },
    {
      "mode": "data",
      "type": "aws_subnets",
      "name": "filtered",
      "provider": "provider[\"registry.terraform.io/hashicorp/aws\"]",
      "instances": [
        {
          "schema_version": 0,
          "attributes": {
            "filter": [
              {
                "name": "availability-zone",
                "values": [
                  "ap-south-1a",
                  "ap-south-1b"
                ]
              },
              {
                "name": "vpc-id",
                "values": [
                  "vpc-0d5480bc360bcfc9f"
                ]
              }
            ],
            "id": "ap-south-1",
            "ids": [
              "subnet-0822c88e354923c22",
              "subnet-03734b7099c5877e4"
            ],
            "region": "ap-south-1",
            "tags": null,
            "timeouts": null
          },
          "sensitive_attributes": [],
          "identity_schema_version": 0
        }
      ]
    },
    {
      "mode": "data",
      "type": "aws_vpc",
      "name": "default",
      "provider": "provider[\"registry.terraform.io/hashicorp/aws\"]",
      "instances": [
        {
          "schema_version": 0,
          "attributes": {
            "arn": "arn:aws:ec2:ap-south-1:471112878832:vpc/vpc-0d5480bc360bcfc9f",
            "cidr_block": "172.31.0.0/16",
            "cidr_block_associations": [
              {
                "association_id": "vpc-cidr-assoc-0c80a0ee48aaa20f1",
                "cidr_block": "172.31.0.0/16",
                "state": "associated"
              }
            ],
            "default": true,
            "dhcp_options_id": "dopt-0fe3262310d35276b",
            "enable_dns_hostnames": true,
            "enable_dns_support": true,
            "enable_network_address_usage_metrics": false,
            "filter": null,
            "id": "vpc-0d5480bc360bcfc9f",
            "instance_tenancy": "default",
            "ipv6_association_id": "",
            "ipv6_cidr_block": "",
            "main_route_table_id": "rtb-083595fdde6364950",
            "owner_id": "471112878832",
            "region": "ap-south-1",
            "state": null,
            "tags": {},
            "timeouts": null
          },
          "sensitive_attributes": [],
          "identity_schema_version": 0
        }
      ]
    },
    {
      "mode": "managed",
      "type": "aws_instance",
      "name": "indexer",
      "provider": "provider[\"registry.terraform.io/hashicorp/aws\"]",
      "instances": [
        {
          "index_key": 5,
          "schema_version": 2,
          "attributes": {
            "ami": "ami-04708942c263d8190",
            "arn": "arn:aws:ec2:ap-south-1:471112878832:instance/i-08431d85b3f4fa618",
            "associate_public_ip_address": true,
            "availability_zone": "ap-south-1b",
            "capacity_reservation_specification": [
              {
                "capacity_reservation_preference": "open",
                "capacity_reservation_target": []
              }
            ],
            "cpu_options": [
              {
                "amd_sev_snp": "",
                "core_count": 2,
                "threads_per_core": 1
              }
            ],
            "credit_specification": [
              {
                "cpu_credits": "standard"
              }
            ],
            "disable_api_stop": false,
            "disable_api_termination": false,
            "ebs_block_device": [],
            "ebs_optimized": false,
            "enable_primary_ipv6": null,
            "enclave_options": [
              {
                "enabled": false
              }
            ],
            "ephemeral_block_device": [],
            "get_password_data": false,
            "hibernation": false,
            "host_id": "",
            "host_resource_group_arn": null,
            "iam_instance_profile": "",
            "id": "i-08431d85b3f4fa618",
            "instance_initiated_shutdown_behavior": "stop",
            "instance_lifecycle": "",
            "instance_market_options": [],
            "instance_state": "running",
            "instance_type": "t2.medium",
            "ipv6_address_count": 0,
            "ipv6_addresses": [],
            "key_name": "indexer-key",
            "launch_template": [],
            "maintenance_options": [
              {
                "auto_recovery": "default"
              }
            ],
            "metadata_options": [
              {
                "http_endpoint": "enabled",
                "http_protocol_ipv6": "disabled",
                "http_put_response_hop_limit": 1,
                "http_tokens": "optional",
                "instance_metadata_tags": "disabled"
              }
            ],
            "monitoring": false,
            "network_interface": [],
            "outpost_arn": "",
            "password_data": "",
            "placement_group": "",
            "placement_partition_number": 0,
            "primary_network_interface_id": "eni-09e3257246f86a8bf",
            "private_dns": "ip-172-31-3-252.ap-south-1.compute.internal",
            "private_dns_name_options": [
              {
                "enable_resource_name_dns_a_record": false,
                "enable_resource_name_dns_aaaa_record": false,
                "hostname_type": "ip-name"
              }
            ],
            "private_ip": "172.31.3.252",
            "public_dns": "ec2-65-2-123-208.ap-south-1.compute.amazonaws.com",
            "public_ip": "65.2.123.208",
            "region": "ap-south-1",
            "root_block_device": [
              {
                "delete_on_termination": true,
                "device_name": "/dev/sda1",
                "encrypted": false,
                "iops": 3000,
                "kms_key_id": "",
                "tags": null,
                "tags_all": {},
                "throughput": 125,
                "volume_id": "vol-0b1fa97ad5c1788f3",
                "volume_size": 30,
                "volume_type": "gp3"
              }
            ],
            "secondary_private_ips": [],
            "security_groups": [
              "sg-08db0bc979f3b08a8"
            ],
            "source_dest_check": true,
            "spot_instance_request_id": "",
            "subnet_id": "subnet-03734b7099c5877e4",
            "tags": {
              "Name": "Indexer-6"
            },
            "tags_all": {
              "Name": "Indexer-6"
            },
            "tenancy": "default",
            "timeouts": null,
            "user_data": null,
            "user_data_base64": null,
            "user_data_replace_on_change": false,
            "volume_tags": null,
            "vpc_security_group_ids": [
              "sg-08db0bc979f3b08a8"
            ]
          },
          "sensitive_attributes": [],
          "identity_schema_version": 0,
          "private": "eyJlMmJmYjczMC1lY2FhLTExZTYtOGY4OC0zNDM2M2JjN2M0YzAiOnsiY3JlYXRlIjo2MDAwMDAwMDAwMDAsImRlbGV0ZSI6MTIwMDAwMDAwMDAwMCwicmVhZCI6OTAwMDAwMDAwMDAwLCJ1cGRhdGUiOjYwMDAwMDAwMDAwMH0sInNjaGVtYV92ZXJzaW9uIjoiMiJ9",
          "dependencies": [
            "aws_key_pair.indexer_key",
            "aws_security_group.indexer_sg",
            "data.aws_ami.redhat",
            "data.aws_subnets.filtered",
            "data.aws_vpc.default",
            "tls_private_key.ec2_key"
          ]
        },
        {
          "index_key": 6,
          "schema_version": 2,
          "attributes": {
            "ami": "ami-04708942c263d8190",
            "arn": "arn:aws:ec2:ap-south-1:471112878832:instance/i-0be1579c99c99ab19",
            "associate_public_ip_address": true,
            "availability_zone": "ap-south-1a",
            "capacity_reservation_specification": [
              {
                "capacity_reservation_preference": "open",
                "capacity_reservation_target": []
              }
            ],
            "cpu_options": [
              {
                "amd_sev_snp": "",
                "core_count": 2,
                "threads_per_core": 1
              }
            ],
            "credit_specification": [
              {
                "cpu_credits": "standard"
              }
            ],
            "disable_api_stop": false,
            "disable_api_termination": false,
            "ebs_block_device": [],
            "ebs_optimized": false,
            "enable_primary_ipv6": null,
            "enclave_options": [
              {
                "enabled": false
              }
            ],
            "ephemeral_block_device": [],
            "get_password_data": false,
            "hibernation": false,
            "host_id": "",
            "host_resource_group_arn": null,
            "iam_instance_profile": "",
            "id": "i-0be1579c99c99ab19",
            "instance_initiated_shutdown_behavior": "stop",
            "instance_lifecycle": "",
            "instance_market_options": [],
            "instance_state": "running",
            "instance_type": "t2.medium",
            "ipv6_address_count": 0,
            "ipv6_addresses": [],
            "key_name": "indexer-key",
            "launch_template": [],
            "maintenance_options": [
              {
                "auto_recovery": "default"
              }
            ],
            "metadata_options": [
              {
                "http_endpoint": "enabled",
                "http_protocol_ipv6": "disabled",
                "http_put_response_hop_limit": 1,
                "http_tokens": "optional",
                "instance_metadata_tags": "disabled"
              }
            ],
            "monitoring": false,
            "network_interface": [],
            "outpost_arn": "",
            "password_data": "",
            "placement_group": "",
            "placement_partition_number": 0,
            "primary_network_interface_id": "eni-0fd07d885bae82501",
            "private_dns": "ip-172-31-47-229.ap-south-1.compute.internal",
            "private_dns_name_options": [
              {
                "enable_resource_name_dns_a_record": false,
                "enable_resource_name_dns_aaaa_record": false,
                "hostname_type": "ip-name"
              }
            ],
            "private_ip": "172.31.47.229",
            "public_dns": "ec2-65-2-169-162.ap-south-1.compute.amazonaws.com",
            "public_ip": "65.2.169.162",
            "region": "ap-south-1",
            "root_block_device": [
              {
                "delete_on_termination": true,
                "device_name": "/dev/sda1",
                "encrypted": false,
                "iops": 3000,
                "kms_key_id": "",
                "tags": null,
                "tags_all": {},
                "throughput": 125,
                "volume_id": "vol-0d43d1b5f38ceb7ef",
                "volume_size": 30,
                "volume_type": "gp3"
              }
            ],
            "secondary_private_ips": [],
            "security_groups": [
              "sg-08db0bc979f3b08a8"
            ],
            "source_dest_check": true,
            "spot_instance_request_id": "",
            "subnet_id": "subnet-0822c88e354923c22",
            "tags": {
              "Name": "Indexer-7"
            },
            "tags_all": {
              "Name": "Indexer-7"
            },
            "tenancy": "default",
            "timeouts": null,
            "user_data": null,
            "user_data_base64": null,
            "user_data_replace_on_change": false,
            "volume_tags": null,
            "vpc_security_group_ids": [
              "sg-08db0bc979f3b08a8"
            ]
          },
          "sensitive_attributes": [],
          "identity_schema_version": 0,
          "private": "eyJlMmJmYjczMC1lY2FhLTExZTYtOGY4OC0zNDM2M2JjN2M0YzAiOnsiY3JlYXRlIjo2MDAwMDAwMDAwMDAsImRlbGV0ZSI6MTIwMDAwMDAwMDAwMCwicmVhZCI6OTAwMDAwMDAwMDAwLCJ1cGRhdGUiOjYwMDAwMDAwMDAwMH0sInNjaGVtYV92ZXJzaW9uIjoiMiJ9",
          "dependencies": [
            "aws_key_pair.indexer_key",
            "aws_security_group.indexer_sg",
            "data.aws_ami.redhat",
            "data.aws_subnets.filtered",
            "data.aws_vpc.default",
            "tls_private_key.ec2_key"
          ]
        },
        {
          "index_key": 7,
          "schema_version": 2,
          "attributes": {
            "ami": "ami-04708942c263d8190",
            "arn": "arn:aws:ec2:ap-south-1:471112878832:instance/i-0d314532a9efe7e62",
            "associate_public_ip_address": true,
            "availability_zone": "ap-south-1b",
            "capacity_reservation_specification": [
              {
                "capacity_reservation_preference": "open",
                "capacity_reservation_target": []
              }
            ],
            "cpu_options": [
              {
                "amd_sev_snp": "",
                "core_count": 2,
                "threads_per_core": 1
              }
            ],
            "credit_specification": [
              {
                "cpu_credits": "standard"
              }
            ],
            "disable_api_stop": false,
            "disable_api_termination": false,
            "ebs_block_device": [],
            "ebs_optimized": false,
            "enable_primary_ipv6": null,
            "enclave_options": [
              {
                "enabled": false
              }
            ],
            "ephemeral_block_device": [],
            "get_password_data": false,
            "hibernation": false,
            "host_id": "",
            "host_resource_group_arn": null,
            "iam_instance_profile": "",
            "id": "i-0d314532a9efe7e62",
            "instance_initiated_shutdown_behavior": "stop",
            "instance_lifecycle": "",
            "instance_market_options": [],
            "instance_state": "running",
            "instance_type": "t2.medium",
            "ipv6_address_count": 0,
            "ipv6_addresses": [],
            "key_name": "indexer-key",
            "launch_template": [],
            "maintenance_options": [
              {
                "auto_recovery": "default"
              }
            ],
            "metadata_options": [
              {
                "http_endpoint": "enabled",
                "http_protocol_ipv6": "disabled",
                "http_put_response_hop_limit": 1,
                "http_tokens": "optional",
                "instance_metadata_tags": "disabled"
              }
            ],
            "monitoring": false,
            "network_interface": [],
            "outpost_arn": "",
            "password_data": "",
            "placement_group": "",
            "placement_partition_number": 0,
            "primary_network_interface_id": "eni-01d50083b81a5326d",
            "private_dns": "ip-172-31-15-75.ap-south-1.compute.internal",
            "private_dns_name_options": [
              {
                "enable_resource_name_dns_a_record": false,
                "enable_resource_name_dns_aaaa_record": false,
                "hostname_type": "ip-name"
              }
            ],
            "private_ip": "172.31.15.75",
            "public_dns": "ec2-13-201-98-212.ap-south-1.compute.amazonaws.com",
            "public_ip": "13.201.98.212",
            "region": "ap-south-1",
            "root_block_device": [
              {
                "delete_on_termination": true,
                "device_name": "/dev/sda1",
                "encrypted": false,
                "iops": 3000,
                "kms_key_id": "",
                "tags": null,
                "tags_all": {},
                "throughput": 125,
                "volume_id": "vol-049ea8f44ce289b9b",
                "volume_size": 30,
                "volume_type": "gp3"
              }
            ],
            "secondary_private_ips": [],
            "security_groups": [
              "sg-08db0bc979f3b08a8"
            ],
            "source_dest_check": true,
            "spot_instance_request_id": "",
            "subnet_id": "subnet-03734b7099c5877e4",
            "tags": {
              "Name": "Indexer-8"
            },
            "tags_all": {
              "Name": "Indexer-8"
            },
            "tenancy": "default",
            "timeouts": null,
            "user_data": null,
            "user_data_base64": null,
            "user_data_replace_on_change": false,
            "volume_tags": null,
            "vpc_security_group_ids": [
              "sg-08db0bc979f3b08a8"
            ]
          },
          "sensitive_attributes": [],
          "identity_schema_version": 0,
          "private": "eyJlMmJmYjczMC1lY2FhLTExZTYtOGY4OC0zNDM2M2JjN2M0YzAiOnsiY3JlYXRlIjo2MDAwMDAwMDAwMDAsImRlbGV0ZSI6MTIwMDAwMDAwMDAwMCwicmVhZCI6OTAwMDAwMDAwMDAwLCJ1cGRhdGUiOjYwMDAwMDAwMDAwMH0sInNjaGVtYV92ZXJzaW9uIjoiMiJ9",
          "dependencies": [
            "aws_key_pair.indexer_key",
            "aws_security_group.indexer_sg",
            "data.aws_ami.redhat",
            "data.aws_subnets.filtered",
            "data.aws_vpc.default",
            "tls_private_key.ec2_key"
          ]
        },
        {
          "index_key": 10,
          "schema_version": 2,
          "attributes": {
            "ami": "ami-04708942c263d8190",
            "arn": "arn:aws:ec2:ap-south-1:471112878832:instance/i-0f331462dacf1c7bd",
            "associate_public_ip_address": true,
            "availability_zone": "ap-south-1a",
            "capacity_reservation_specification": [
              {
                "capacity_reservation_preference": "open",
                "capacity_reservation_target": []
              }
            ],
            "cpu_options": [
              {
                "amd_sev_snp": "",
                "core_count": 2,
                "threads_per_core": 1
              }
            ],
            "credit_specification": [
              {
                "cpu_credits": "standard"
              }
            ],
            "disable_api_stop": false,
            "disable_api_termination": false,
            "ebs_block_device": [],
            "ebs_optimized": false,
            "enable_primary_ipv6": null,
            "enclave_options": [
              {
                "enabled": false
              }
            ],
            "ephemeral_block_device": [],
            "get_password_data": false,
            "hibernation": false,
            "host_id": "",
            "host_resource_group_arn": null,
            "iam_instance_profile": "",
            "id": "i-0f331462dacf1c7bd",
            "instance_initiated_shutdown_behavior": "stop",
            "instance_lifecycle": "",
            "instance_market_options": [],
            "instance_state": "running",
            "instance_type": "t2.medium",
            "ipv6_address_count": 0,
            "ipv6_addresses": [],
            "key_name": "indexer-key",
            "launch_template": [],
            "maintenance_options": [
              {
                "auto_recovery": "default"
              }
            ],
            "metadata_options": [
              {
                "http_endpoint": "enabled",
                "http_protocol_ipv6": "disabled",
                "http_put_response_hop_limit": 1,
                "http_tokens": "optional",
                "instance_metadata_tags": "disabled"
              }
            ],
            "monitoring": false,
            "network_interface": [],
            "outpost_arn": "",
            "password_data": "",
            "placement_group": "",
            "placement_partition_number": 0,
            "primary_network_interface_id": "eni-09b688eb1f907480c",
            "private_dns": "ip-172-31-34-111.ap-south-1.compute.internal",
            "private_dns_name_options": [
              {
                "enable_resource_name_dns_a_record": false,
                "enable_resource_name_dns_aaaa_record": false,
                "hostname_type": "ip-name"
              }
            ],
            "private_ip": "172.31.34.111",
            "public_dns": "ec2-3-110-87-124.ap-south-1.compute.amazonaws.com",
            "public_ip": "3.110.87.124",
            "region": "ap-south-1",
            "root_block_device": [
              {
                "delete_on_termination": true,
                "device_name": "/dev/sda1",
                "encrypted": false,
                "iops": 3000,
                "kms_key_id": "",
                "tags": null,
                "tags_all": {},
                "throughput": 125,
                "volume_id": "vol-03fdbc539c5bb7a73",
                "volume_size": 30,
                "volume_type": "gp3"
              }
            ],
            "secondary_private_ips": [],
            "security_groups": [
              "sg-08db0bc979f3b08a8"
            ],
            "source_dest_check": true,
            "spot_instance_request_id": "",
            "subnet_id": "subnet-0822c88e354923c22",
            "tags": {
              "Name": "Indexer-11"
            },
            "tags_all": {
              "Name": "Indexer-11"
            },
            "tenancy": "default",
            "timeouts": null,
            "user_data": null,
            "user_data_base64": null,
            "user_data_replace_on_change": false,
            "volume_tags": null,
            "vpc_security_group_ids": [
              "sg-08db0bc979f3b08a8"
            ]
          },
          "sensitive_attributes": [],
          "identity_schema_version": 0,
          "private": "eyJlMmJmYjczMC1lY2FhLTExZTYtOGY4OC0zNDM2M2JjN2M0YzAiOnsiY3JlYXRlIjo2MDAwMDAwMDAwMDAsImRlbGV0ZSI6MTIwMDAwMDAwMDAwMCwicmVhZCI6OTAwMDAwMDAwMDAwLCJ1cGRhdGUiOjYwMDAwMDAwMDAwMH0sInNjaGVtYV92ZXJzaW9uIjoiMiJ9",
          "dependencies": [
            "aws_key_pair.indexer_key",
            "aws_security_group.indexer_sg",
            "data.aws_ami.redhat",
            "data.aws_subnets.filtered",
            "data.aws_vpc.default",
            "tls_private_key.ec2_key"
          ]
        },
        {
          "index_key": 11,
          "schema_version": 2,
          "attributes": {
            "ami": "ami-04708942c263d8190",
            "arn": "arn:aws:ec2:ap-south-1:471112878832:instance/i-085e194b4ed0d03ae",
            "associate_public_ip_address": true,
            "availability_zone": "ap-south-1b",
            "capacity_reservation_specification": [
              {
                "capacity_reservation_preference": "open",
                "capacity_reservation_target": []
              }
            ],
            "cpu_options": [
              {
                "amd_sev_snp": "",
                "core_count": 2,
                "threads_per_core": 1
              }
            ],
            "credit_specification": [
              {
                "cpu_credits": "standard"
              }
            ],
            "disable_api_stop": false,
            "disable_api_termination": false,
            "ebs_block_device": [],
            "ebs_optimized": false,
            "enable_primary_ipv6": null,
            "enclave_options": [
              {
                "enabled": false
              }
            ],
            "ephemeral_block_device": [],
            "get_password_data": false,
            "hibernation": false,
            "host_id": "",
            "host_resource_group_arn": null,
            "iam_instance_profile": "",
            "id": "i-085e194b4ed0d03ae",
            "instance_initiated_shutdown_behavior": "stop",
            "instance_lifecycle": "",
            "instance_market_options": [],
            "instance_state": "running",
            "instance_type": "t2.medium",
            "ipv6_address_count": 0,
            "ipv6_addresses": [],
            "key_name": "indexer-key",
            "launch_template": [],
            "maintenance_options": [
              {
                "auto_recovery": "default"
              }
            ],
            "metadata_options": [
              {
                "http_endpoint": "enabled",
                "http_protocol_ipv6": "disabled",
                "http_put_response_hop_limit": 1,
                "http_tokens": "optional",
                "instance_metadata_tags": "disabled"
              }
            ],
            "monitoring": false,
            "network_interface": [],
            "outpost_arn": "",
            "password_data": "",
            "placement_group": "",
            "placement_partition_number": 0,
            "primary_network_interface_id": "eni-017ce41d9313d12a9",
            "private_dns": "ip-172-31-13-22.ap-south-1.compute.internal",
            "private_dns_name_options": [
              {
                "enable_resource_name_dns_a_record": false,
                "enable_resource_name_dns_aaaa_record": false,
                "hostname_type": "ip-name"
              }
            ],
            "private_ip": "172.31.13.22",
            "public_dns": "ec2-13-234-76-123.ap-south-1.compute.amazonaws.com",
            "public_ip": "13.234.76.123",
            "region": "ap-south-1",
            "root_block_device": [
              {
                "delete_on_termination": true,
                "device_name": "/dev/sda1",
                "encrypted": false,
                "iops": 3000,
                "kms_key_id": "",
                "tags": null,
                "tags_all": {},
                "throughput": 125,
                "volume_id": "vol-0254c4471122c9575",
                "volume_size": 30,
                "volume_type": "gp3"
              }
            ],
            "secondary_private_ips": [],
            "security_groups": [
              "sg-08db0bc979f3b08a8"
            ],
            "source_dest_check": true,
            "spot_instance_request_id": "",
            "subnet_id": "subnet-03734b7099c5877e4",
            "tags": {
              "Name": "Indexer-12"
            },
            "tags_all": {
              "Name": "Indexer-12"
            },
            "tenancy": "default",
            "timeouts": null,
            "user_data": null,
            "user_data_base64": null,
            "user_data_replace_on_change": false,
            "volume_tags": null,
            "vpc_security_group_ids": [
              "sg-08db0bc979f3b08a8"
            ]
          },
          "sensitive_attributes": [],
          "identity_schema_version": 0,
          "private": "eyJlMmJmYjczMC1lY2FhLTExZTYtOGY4OC0zNDM2M2JjN2M0YzAiOnsiY3JlYXRlIjo2MDAwMDAwMDAwMDAsImRlbGV0ZSI6MTIwMDAwMDAwMDAwMCwicmVhZCI6OTAwMDAwMDAwMDAwLCJ1cGRhdGUiOjYwMDAwMDAwMDAwMH0sInNjaGVtYV92ZXJzaW9uIjoiMiJ9",
          "dependencies": [
            "aws_key_pair.indexer_key",
            "aws_security_group.indexer_sg",
            "data.aws_ami.redhat",
            "data.aws_subnets.filtered",
            "data.aws_vpc.default",
            "tls_private_key.ec2_key"
          ]
        },
        {
          "index_key": 12,
          "schema_version": 2,
          "attributes": {
            "ami": "ami-04708942c263d8190",
            "arn": "arn:aws:ec2:ap-south-1:471112878832:instance/i-04532630955d85791",
            "associate_public_ip_address": true,
            "availability_zone": "ap-south-1a",
            "capacity_reservation_specification": [
              {
                "capacity_reservation_preference": "open",
                "capacity_reservation_target": []
              }
            ],
            "cpu_options": [
              {
                "amd_sev_snp": "",
                "core_count": 2,
                "threads_per_core": 1
              }
            ],
            "credit_specification": [
              {
                "cpu_credits": "standard"
              }
            ],
            "disable_api_stop": false,
            "disable_api_termination": false,
            "ebs_block_device": [],
            "ebs_optimized": false,
            "enable_primary_ipv6": null,
            "enclave_options": [
              {
                "enabled": false
              }
            ],
            "ephemeral_block_device": [],
            "get_password_data": false,
            "hibernation": false,
            "host_id": "",
            "host_resource_group_arn": null,
            "iam_instance_profile": "",
            "id": "i-04532630955d85791",
            "instance_initiated_shutdown_behavior": "stop",
            "instance_lifecycle": "",
            "instance_market_options": [],
            "instance_state": "running",
            "instance_type": "t2.medium",
            "ipv6_address_count": 0,
            "ipv6_addresses": [],
            "key_name": "indexer-key",
            "launch_template": [],
            "maintenance_options": [
              {
                "auto_recovery": "default"
              }
            ],
            "metadata_options": [
              {
                "http_endpoint": "enabled",
                "http_protocol_ipv6": "disabled",
                "http_put_response_hop_limit": 1,
                "http_tokens": "optional",
                "instance_metadata_tags": "disabled"
              }
            ],
            "monitoring": false,
            "network_interface": [],
            "outpost_arn": "",
            "password_data": "",
            "placement_group": "",
            "placement_partition_number": 0,
            "primary_network_interface_id": "eni-0a3bc2118ca946bd3",
            "private_dns": "ip-172-31-35-50.ap-south-1.compute.internal",
            "private_dns_name_options": [
              {
                "enable_resource_name_dns_a_record": false,
                "enable_resource_name_dns_aaaa_record": false,
                "hostname_type": "ip-name"
              }
            ],
            "private_ip": "172.31.35.50",
            "public_dns": "ec2-43-204-38-40.ap-south-1.compute.amazonaws.com",
            "public_ip": "43.204.38.40",
            "region": "ap-south-1",
            "root_block_device": [
              {
                "delete_on_termination": true,
                "device_name": "/dev/sda1",
                "encrypted": false,
                "iops": 3000,
                "kms_key_id": "",
                "tags": null,
                "tags_all": {},
                "throughput": 125,
                "volume_id": "vol-08e095368da0a0dc8",
                "volume_size": 30,
                "volume_type": "gp3"
              }
            ],
            "secondary_private_ips": [],
            "security_groups": [
              "sg-08db0bc979f3b08a8"
            ],
            "source_dest_check": true,
            "spot_instance_request_id": "",
            "subnet_id": "subnet-0822c88e354923c22",
            "tags": {
              "Name": "Indexer-13"
            },
            "tags_all": {
              "Name": "Indexer-13"
            },
            "tenancy": "default",
            "timeouts": null,
            "user_data": null,
            "user_data_base64": null,
            "user_data_replace_on_change": false,
            "volume_tags": null,
            "vpc_security_group_ids": [
              "sg-08db0bc979f3b08a8"
            ]
          },
          "sensitive_attributes": [],
          "identity_schema_version": 0,
          "private": "eyJlMmJmYjczMC1lY2FhLTExZTYtOGY4OC0zNDM2M2JjN2M0YzAiOnsiY3JlYXRlIjo2MDAwMDAwMDAwMDAsImRlbGV0ZSI6MTIwMDAwMDAwMDAwMCwicmVhZCI6OTAwMDAwMDAwMDAwLCJ1cGRhdGUiOjYwMDAwMDAwMDAwMH0sInNjaGVtYV92ZXJzaW9uIjoiMiJ9",
          "dependencies": [
            "aws_key_pair.indexer_key",
            "aws_security_group.indexer_sg",
            "data.aws_ami.redhat",
            "data.aws_subnets.filtered",
            "data.aws_vpc.default",
            "tls_private_key.ec2_key"
          ]
        },
        {
          "index_key": 13,
          "schema_version": 2,
          "attributes": {
            "ami": "ami-04708942c263d8190",
            "arn": "arn:aws:ec2:ap-south-1:471112878832:instance/i-0f9f236be6752797a",
            "associate_public_ip_address": true,
            "availability_zone": "ap-south-1b",
            "capacity_reservation_specification": [
              {
                "capacity_reservation_preference": "open",
                "capacity_reservation_target": []
              }
            ],
            "cpu_options": [
              {
                "amd_sev_snp": "",
                "core_count": 2,
                "threads_per_core": 1
              }
            ],
            "credit_specification": [
              {
                "cpu_credits": "standard"
              }
            ],
            "disable_api_stop": false,
            "disable_api_termination": false,
            "ebs_block_device": [],
            "ebs_optimized": false,
            "enable_primary_ipv6": null,
            "enclave_options": [
              {
                "enabled": false
              }
            ],
            "ephemeral_block_device": [],
            "get_password_data": false,
            "hibernation": false,
            "host_id": "",
            "host_resource_group_arn": null,
            "iam_instance_profile": "",
            "id": "i-0f9f236be6752797a",
            "instance_initiated_shutdown_behavior": "stop",
            "instance_lifecycle": "",
            "instance_market_options": [],
            "instance_state": "running",
            "instance_type": "t2.medium",
            "ipv6_address_count": 0,
            "ipv6_addresses": [],
            "key_name": "indexer-key",
            "launch_template": [],
            "maintenance_options": [
              {
                "auto_recovery": "default"
              }
            ],
            "metadata_options": [
              {
                "http_endpoint": "enabled",
                "http_protocol_ipv6": "disabled",
                "http_put_response_hop_limit": 1,
                "http_tokens": "optional",
                "instance_metadata_tags": "disabled"
              }
            ],
            "monitoring": false,
            "network_interface": [],
            "outpost_arn": "",
            "password_data": "",
            "placement_group": "",
            "placement_partition_number": 0,
            "primary_network_interface_id": "eni-03ec9e90e077bccea",
            "private_dns": "ip-172-31-9-168.ap-south-1.compute.internal",
            "private_dns_name_options": [
              {
                "enable_resource_name_dns_a_record": false,
                "enable_resource_name_dns_aaaa_record": false,
                "hostname_type": "ip-name"
              }
            ],
            "private_ip": "172.31.9.168",
            "public_dns": "ec2-65-2-74-241.ap-south-1.compute.amazonaws.com",
            "public_ip": "65.2.74.241",
            "region": "ap-south-1",
            "root_block_device": [
              {
                "delete_on_termination": true,
                "device_name": "/dev/sda1",
                "encrypted": false,
                "iops": 3000,
                "kms_key_id": "",
                "tags": null,
                "tags_all": {},
                "throughput": 125,
                "volume_id": "vol-081b534330634e460",
                "volume_size": 30,
                "volume_type": "gp3"
              }
            ],
            "secondary_private_ips": [],
            "security_groups": [
              "sg-08db0bc979f3b08a8"
            ],
            "source_dest_check": true,
            "spot_instance_request_id": "",
            "subnet_id": "subnet-03734b7099c5877e4",
            "tags": {
              "Name": "Indexer-14"
            },
            "tags_all": {
              "Name": "Indexer-14"
            },
            "tenancy": "default",
            "timeouts": null,
            "user_data": null,
            "user_data_base64": null,
            "user_data_replace_on_change": false,
            "volume_tags": null,
            "vpc_security_group_ids": [
              "sg-08db0bc979f3b08a8"
            ]
          },
          "sensitive_attributes": [],
          "identity_schema_version": 0,
          "private": "eyJlMmJmYjczMC1lY2FhLTExZTYtOGY4OC0zNDM2M2JjN2M0YzAiOnsiY3JlYXRlIjo2MDAwMDAwMDAwMDAsImRlbGV0ZSI6MTIwMDAwMDAwMDAwMCwicmVhZCI6OTAwMDAwMDAwMDAwLCJ1cGRhdGUiOjYwMDAwMDAwMDAwMH0sInNjaGVtYV92ZXJzaW9uIjoiMiJ9",
          "dependencies": [
            "aws_key_pair.indexer_key",
            "aws_security_group.indexer_sg",
            "data.aws_ami.redhat",
            "data.aws_subnets.filtered",
            "data.aws_vpc.default",
            "tls_private_key.ec2_key"
          ]
        },
        {
          "index_key": 14,
          "schema_version": 2,
          "attributes": {
            "ami": "ami-04708942c263d8190",
            "arn": "arn:aws:ec2:ap-south-1:471112878832:instance/i-021a8adf775869a20",
            "associate_public_ip_address": true,
            "availability_zone": "ap-south-1a",
            "capacity_reservation_specification": [
              {
                "capacity_reservation_preference": "open",
                "capacity_reservation_target": []
              }
            ],
            "cpu_options": [
              {
                "amd_sev_snp": "",
                "core_count": 2,
                "threads_per_core": 1
              }
            ],
            "credit_specification": [
              {
                "cpu_credits": "standard"
              }
            ],
            "disable_api_stop": false,
            "disable_api_termination": false,
            "ebs_block_device": [],
            "ebs_optimized": false,
            "enable_primary_ipv6": null,
            "enclave_options": [
              {
                "enabled": false
              }
            ],
            "ephemeral_block_device": [],
            "get_password_data": false,
            "hibernation": false,
            "host_id": "",
            "host_resource_group_arn": null,
            "iam_instance_profile": "",
            "id": "i-021a8adf775869a20",
            "instance_initiated_shutdown_behavior": "stop",
            "instance_lifecycle": "",
            "instance_market_options": [],
            "instance_state": "running",
            "instance_type": "t2.medium",
            "ipv6_address_count": 0,
            "ipv6_addresses": [],
            "key_name": "indexer-key",
            "launch_template": [],
            "maintenance_options": [
              {
                "auto_recovery": "default"
              }
            ],
            "metadata_options": [
              {
                "http_endpoint": "enabled",
                "http_protocol_ipv6": "disabled",
                "http_put_response_hop_limit": 1,
                "http_tokens": "optional",
                "instance_metadata_tags": "disabled"
              }
            ],
            "monitoring": false,
            "network_interface": [],
            "outpost_arn": "",
            "password_data": "",
            "placement_group": "",
            "placement_partition_number": 0,
            "primary_network_interface_id": "eni-08b2e156cc38965d2",
            "private_dns": "ip-172-31-43-188.ap-south-1.compute.internal",
            "private_dns_name_options": [
              {
                "enable_resource_name_dns_a_record": false,
                "enable_resource_name_dns_aaaa_record": false,
                "hostname_type": "ip-name"
              }
            ],
            "private_ip": "172.31.43.188",
            "public_dns": "ec2-3-109-143-8.ap-south-1.compute.amazonaws.com",
            "public_ip": "3.109.143.8",
            "region": "ap-south-1",
            "root_block_device": [
              {
                "delete_on_termination": true,
                "device_name": "/dev/sda1",
                "encrypted": false,
                "iops": 3000,
                "kms_key_id": "",
                "tags": null,
                "tags_all": {},
                "throughput": 125,
                "volume_id": "vol-0184c531cadec5c09",
                "volume_size": 30,
                "volume_type": "gp3"
              }
            ],
            "secondary_private_ips": [],
            "security_groups": [
              "sg-08db0bc979f3b08a8"
            ],
            "source_dest_check": true,
            "spot_instance_request_id": "",
            "subnet_id": "subnet-0822c88e354923c22",
            "tags": {
              "Name": "Indexer-15"
            },
            "tags_all": {
              "Name": "Indexer-15"
            },
            "tenancy": "default",
            "timeouts": null,
            "user_data": null,
            "user_data_base64": null,
            "user_data_replace_on_change": false,
            "volume_tags": null,
            "vpc_security_group_ids": [
              "sg-08db0bc979f3b08a8"
            ]
          },
          "sensitive_attributes": [],
          "identity_schema_version": 0,
          "private": "eyJlMmJmYjczMC1lY2FhLTExZTYtOGY4OC0zNDM2M2JjN2M0YzAiOnsiY3JlYXRlIjo2MDAwMDAwMDAwMDAsImRlbGV0ZSI6MTIwMDAwMDAwMDAwMCwicmVhZCI6OTAwMDAwMDAwMDAwLCJ1cGRhdGUiOjYwMDAwMDAwMDAwMH0sInNjaGVtYV92ZXJzaW9uIjoiMiJ9",
          "dependencies": [
            "aws_key_pair.indexer_key",
            "aws_security_group.indexer_sg",
            "data.aws_ami.redhat",
            "data.aws_subnets.filtered",
            "data.aws_vpc.default",
            "tls_private_key.ec2_key"
          ]
        },
        {
          "index_key": 15,
          "schema_version": 2,
          "attributes": {
            "ami": "ami-04708942c263d8190",
            "arn": "arn:aws:ec2:ap-south-1:471112878832:instance/i-00d6b8aba6a8916c0",
            "associate_public_ip_address": true,
            "availability_zone": "ap-south-1b",
            "capacity_reservation_specification": [
              {
                "capacity_reservation_preference": "open",
                "capacity_reservation_target": []
              }
            ],
            "cpu_options": [
              {
                "amd_sev_snp": "",
                "core_count": 2,
                "threads_per_core": 1
              }
            ],
            "credit_specification": [
              {
                "cpu_credits": "standard"
              }
            ],
            "disable_api_stop": false,
            "disable_api_termination": false,
            "ebs_block_device": [],
            "ebs_optimized": false,
            "enable_primary_ipv6": null,
            "enclave_options": [
              {
                "enabled": false
              }
            ],
            "ephemeral_block_device": [],
            "get_password_data": false,
            "hibernation": false,
            "host_id": "",
            "host_resource_group_arn": null,
            "iam_instance_profile": "",
            "id": "i-00d6b8aba6a8916c0",
            "instance_initiated_shutdown_behavior": "stop",
            "instance_lifecycle": "",
            "instance_market_options": [],
            "instance_state": "running",
            "instance_type": "t2.medium",
            "ipv6_address_count": 0,
            "ipv6_addresses": [],
            "key_name": "indexer-key",
            "launch_template": [],
            "maintenance_options": [
              {
                "auto_recovery": "default"
              }
            ],
            "metadata_options": [
              {
                "http_endpoint": "enabled",
                "http_protocol_ipv6": "disabled",
                "http_put_response_hop_limit": 1,
                "http_tokens": "optional",
                "instance_metadata_tags": "disabled"
              }
            ],
            "monitoring": false,
            "network_interface": [],
            "outpost_arn": "",
            "password_data": "",
            "placement_group": "",
            "placement_partition_number": 0,
            "primary_network_interface_id": "eni-00e9c26cbac4d0059",
            "private_dns": "ip-172-31-9-119.ap-south-1.compute.internal",
            "private_dns_name_options": [
              {
                "enable_resource_name_dns_a_record": false,
                "enable_resource_name_dns_aaaa_record": false,
                "hostname_type": "ip-name"
              }
            ],
            "private_ip": "172.31.9.119",
            "public_dns": "ec2-13-126-212-225.ap-south-1.compute.amazonaws.com",
            "public_ip": "13.126.212.225",
            "region": "ap-south-1",
            "root_block_device": [
              {
                "delete_on_termination": true,
                "device_name": "/dev/sda1",
                "encrypted": false,
                "iops": 3000,
                "kms_key_id": "",
                "tags": null,
                "tags_all": {},
                "throughput": 125,
                "volume_id": "vol-0baec2698d5c451d1",
                "volume_size": 30,
                "volume_type": "gp3"
              }
            ],
            "secondary_private_ips": [],
            "security_groups": [
              "sg-08db0bc979f3b08a8"
            ],
            "source_dest_check": true,
            "spot_instance_request_id": "",
            "subnet_id": "subnet-03734b7099c5877e4",
            "tags": {
              "Name": "Indexer-16"
            },
            "tags_all": {
              "Name": "Indexer-16"
            },
            "tenancy": "default",
            "timeouts": null,
            "user_data": null,
            "user_data_base64": null,
            "user_data_replace_on_change": false,
            "volume_tags": null,
            "vpc_security_group_ids": [
              "sg-08db0bc979f3b08a8"
            ]
          },
          "sensitive_attributes": [],
          "identity_schema_version": 0,
          "private": "eyJlMmJmYjczMC1lY2FhLTExZTYtOGY4OC0zNDM2M2JjN2M0YzAiOnsiY3JlYXRlIjo2MDAwMDAwMDAwMDAsImRlbGV0ZSI6MTIwMDAwMDAwMDAwMCwicmVhZCI6OTAwMDAwMDAwMDAwLCJ1cGRhdGUiOjYwMDAwMDAwMDAwMH0sInNjaGVtYV92ZXJzaW9uIjoiMiJ9",
          "dependencies": [
            "aws_key_pair.indexer_key",
            "aws_security_group.indexer_sg",
            "data.aws_ami.redhat",
            "data.aws_subnets.filtered",
            "data.aws_vpc.default",
            "tls_private_key.ec2_key"
          ]
        },
        {
          "index_key": 16,
          "schema_version": 2,
          "attributes": {
            "ami": "ami-04708942c263d8190",
            "arn": "arn:aws:ec2:ap-south-1:471112878832:instance/i-097fda647ef3459d7",
            "associate_public_ip_address": true,
            "availability_zone": "ap-south-1a",
            "capacity_reservation_specification": [
              {
                "capacity_reservation_preference": "open",
                "capacity_reservation_target": []
              }
            ],
            "cpu_options": [
              {
                "amd_sev_snp": "",
                "core_count": 2,
                "threads_per_core": 1
              }
            ],
            "credit_specification": [
              {
                "cpu_credits": "standard"
              }
            ],
            "disable_api_stop": false,
            "disable_api_termination": false,
            "ebs_block_device": [],
            "ebs_optimized": false,
            "enable_primary_ipv6": null,
            "enclave_options": [
              {
                "enabled": false
              }
            ],
            "ephemeral_block_device": [],
            "get_password_data": false,
            "hibernation": false,
            "host_id": "",
            "host_resource_group_arn": null,
            "iam_instance_profile": "",
            "id": "i-097fda647ef3459d7",
            "instance_initiated_shutdown_behavior": "stop",
            "instance_lifecycle": "",
            "instance_market_options": [],
            "instance_state": "running",
            "instance_type": "t2.medium",
            "ipv6_address_count": 0,
            "ipv6_addresses": [],
            "key_name": "indexer-key",
            "launch_template": [],
            "maintenance_options": [
              {
                "auto_recovery": "default"
              }
            ],
            "metadata_options": [
              {
                "http_endpoint": "enabled",
                "http_protocol_ipv6": "disabled",
                "http_put_response_hop_limit": 1,
                "http_tokens": "optional",
                "instance_metadata_tags": "disabled"
              }
            ],
            "monitoring": false,
            "network_interface": [],
            "outpost_arn": "",
            "password_data": "",
            "placement_group": "",
            "placement_partition_number": 0,
            "primary_network_interface_id": "eni-0783656dea9f8c5c7",
            "private_dns": "ip-172-31-37-126.ap-south-1.compute.internal",
            "private_dns_name_options": [
              {
                "enable_resource_name_dns_a_record": false,
                "enable_resource_name_dns_aaaa_record": false,
                "hostname_type": "ip-name"
              }
            ],
            "private_ip": "172.31.37.126",
            "public_dns": "ec2-13-234-77-0.ap-south-1.compute.amazonaws.com",
            "public_ip": "13.234.77.0",
            "region": "ap-south-1",
            "root_block_device": [
              {
                "delete_on_termination": true,
                "device_name": "/dev/sda1",
                "encrypted": false,
                "iops": 3000,
                "kms_key_id": "",
                "tags": null,
                "tags_all": {},
                "throughput": 125,
                "volume_id": "vol-01ae3717469a30c64",
                "volume_size": 30,
                "volume_type": "gp3"
              }
            ],
            "secondary_private_ips": [],
            "security_groups": [
              "sg-08db0bc979f3b08a8"
            ],
            "source_dest_check": true,
            "spot_instance_request_id": "",
            "subnet_id": "subnet-0822c88e354923c22",
            "tags": {
              "Name": "Indexer-17"
            },
            "tags_all": {
              "Name": "Indexer-17"
            },
            "tenancy": "default",
            "timeouts": null,
            "user_data": null,
            "user_data_base64": null,
            "user_data_replace_on_change": false,
            "volume_tags": null,
            "vpc_security_group_ids": [
              "sg-08db0bc979f3b08a8"
            ]
          },
          "sensitive_attributes": [],
          "identity_schema_version": 0,
          "private": "eyJlMmJmYjczMC1lY2FhLTExZTYtOGY4OC0zNDM2M2JjN2M0YzAiOnsiY3JlYXRlIjo2MDAwMDAwMDAwMDAsImRlbGV0ZSI6MTIwMDAwMDAwMDAwMCwicmVhZCI6OTAwMDAwMDAwMDAwLCJ1cGRhdGUiOjYwMDAwMDAwMDAwMH0sInNjaGVtYV92ZXJzaW9uIjoiMiJ9",
          "dependencies": [
            "aws_key_pair.indexer_key",
            "aws_security_group.indexer_sg",
            "data.aws_ami.redhat",
            "data.aws_subnets.filtered",
            "data.aws_vpc.default",
            "tls_private_key.ec2_key"
          ]
        }
      ]
    },
    {
      "mode": "managed",
      "type": "aws_key_pair",
      "name": "indexer_key",
      "provider": "provider[\"registry.terraform.io/hashicorp/aws\"]",
      "instances": [
        {
          "schema_version": 1,
          "attributes": {
            "arn": "arn:aws:ec2:ap-south-1:471112878832:key-pair/indexer-key",
            "fingerprint": "66:0b:aa:86:e0:d9:7b:56:4d:96:61:a7:85:12:b3:24",
            "id": "indexer-key",
            "key_name": "indexer-key",
            "key_name_prefix": "",
            "key_pair_id": "key-0c7affdd313769095",
            "key_type": "rsa",
            "public_key": "ssh-rsa AAAAB3NzaC1yc2EAAAADAQABAAACAQC/ua5lkrMSyMlggMXEjymKXdkHRTnoEJqpGeLg/JdE3zaomiWJmdKpWgPvpB3H0NGcJxNSYcajO3O4iuCHxaoUbzg89FQ2JVa9iQqVLdcETdjU6eJ6plGtU5DJ5e0oIGZ3rV7GL1O31Tw6uZdl2bbo/5V/U+PsesrhJz/AGDrCnBTaccwiZ8Kem47JV1lemlrzowzHMgyHuLqAS8Ss5QMDFKtVkOHS+ByESqk6a75dN9tlhC7oEtZPMIUsbZYdyVKcyBrDvY8Lc/OyewIIBz+kOOF8HN+FWsA2LiYh0kNf4vVYSTLweEtY9jpe0Tkvf8IysdHIayaX4/I71XWS7ZXkYUvExW/M/W1IoTJH+Jqd3xqYamxgz4w079v1fd4IoZ2NBMAmZqcsEPGEmIBgXomMK4GshN9GmRpBVj2V9PpTtGUGH84FZpnAVtC3TSo4LqisoMriXhDh/n5qfLe85rfBxp/WbGOtCdnSviVHDmWuNecD+VfLeoHX9F56jM8EbSg7J9by4LbIp2TqUn+RFTguFcPYUH0ZMF4dgIYLybwBfgN6f9XnCggwMERWI5qDPetQBQHYZHm3RuGiIdVFOuEjRTIqchmyozbV5VJmU5/tbsBpXSyWmyH9EBXRBsQlAsqhaB0UPCh2ww3SYMlgo4lQ09xdrBcrgv8BzOl9Ch5pOw==",
            "region": "ap-south-1",
            "tags": {},
            "tags_all": {}
          },
          "sensitive_attributes": [],
          "identity_schema_version": 0,
          "private": "eyJzY2hlbWFfdmVyc2lvbiI6IjEifQ==",
          "dependencies": [
            "tls_private_key.ec2_key"
          ]
        }
      ]
    },
    {
      "mode": "managed",
      "type": "aws_security_group",
      "name": "indexer_sg",
      "provider": "provider[\"registry.terraform.io/hashicorp/aws\"]",
      "instances": [
        {
          "schema_version": 1,
          "attributes": {
            "arn": "arn:aws:ec2:ap-south-1:471112878832:security-group/sg-08db0bc979f3b08a8",
            "description": "Allow SSH, HTTP, HTTPS and Custom TCP range",
            "egress": [
              {
                "cidr_blocks": [
                  "0.0.0.0/0"
                ],
                "description": "",
                "from_port": 0,
                "ipv6_cidr_blocks": [],
                "prefix_list_ids": [],
                "protocol": "-1",
                "security_groups": [],
                "self": false,
                "to_port": 0
              }
            ],
            "id": "sg-08db0bc979f3b08a8",
            "ingress": [
              {
                "cidr_blocks": [
                  "0.0.0.0/0"
                ],
                "description": "",
                "from_port": 22,
                "ipv6_cidr_blocks": [],
                "prefix_list_ids": [],
                "protocol": "tcp",
                "security_groups": [],
                "self": false,
                "to_port": 22
              },
              {
                "cidr_blocks": [
                  "0.0.0.0/0"
                ],
                "description": "",
                "from_port": 443,
                "ipv6_cidr_blocks": [],
                "prefix_list_ids": [],
                "protocol": "tcp",
                "security_groups": [],
                "self": false,
                "to_port": 443
              },
              {
                "cidr_blocks": [
                  "0.0.0.0/0"
                ],
                "description": "",
                "from_port": 8000,
                "ipv6_cidr_blocks": [],
                "prefix_list_ids": [],
                "protocol": "tcp",
                "security_groups": [],
                "self": false,
                "to_port": 9999
              },
              {
                "cidr_blocks": [
                  "0.0.0.0/0"
                ],
                "description": "",
                "from_port": 80,
                "ipv6_cidr_blocks": [],
                "prefix_list_ids": [],
                "protocol": "tcp",
                "security_groups": [],
                "self": false,
                "to_port": 80
              }
            ],
            "name": "indexer_sg",
            "name_prefix": "",
            "owner_id": "471112878832",
            "region": "ap-south-1",
            "revoke_rules_on_delete": false,
            "tags": {
              "Name": "indexer_sg"
            },
            "tags_all": {
              "Name": "indexer_sg"
            },
            "timeouts": null,
            "vpc_id": "vpc-0d5480bc360bcfc9f"
          },
          "sensitive_attributes": [],
          "identity_schema_version": 0,
          "private": "eyJlMmJmYjczMC1lY2FhLTExZTYtOGY4OC0zNDM2M2JjN2M0YzAiOnsiY3JlYXRlIjo2MDAwMDAwMDAwMDAsImRlbGV0ZSI6OTAwMDAwMDAwMDAwfSwic2NoZW1hX3ZlcnNpb24iOiIxIn0=",
          "dependencies": [
            "data.aws_vpc.default"
          ]
        }
      ]
    },
    {
      "mode": "managed",
      "type": "local_file",
      "name": "private_key",
      "provider": "provider[\"registry.terraform.io/hashicorp/local\"]",
      "instances": [
        {
          "schema_version": 0,
          "attributes": {
            "content": "-----BEGIN RSA PRIVATE KEY-----\nMIIJKAIBAAKCAgEAv7muZZKzEsjJYIDFxI8pil3ZB0U56BCaqRni4PyXRN82qJol\niZnSqVoD76Qdx9DRnCcTUmHGoztzuIrgh8WqFG84PPRUNiVWvYkKlS3XBE3Y1Oni\neqZRrVOQyeXtKCBmd61exi9Tt9U8OrmXZdm26P+Vf1Pj7HrK4Sc/wBg6wpwU2nHM\nImfCnpuOyVdZXppa86MMxzIMh7i6gEvErOUDAxSrVZDh0vgchEqpOmu+XTfbZYQu\n6BLWTzCFLG2WHclSnMgaw72PC3PzsnsCCAc/pDjhfBzfhVrANi4mIdJDX+L1WEky\n8HhLWPY6XtE5L3/CMrHRyGsml+PyO9V1ku2V5GFLxMVvzP1tSKEyR/iand8amGps\nYM+MNO/b9X3eCKGdjQTAJmanLBDxhJiAYF6JjCuBrITfRpkaQVY9lfT6U7RlBh/O\nBWaZwFbQt00qOC6orKDK4l4Q4f5+any3vOa3wcaf1mxjrQnZ0r4lRw5lrjXnA/lX\ny3qB1/ReeozPBG0oOyfW8uC2yKdk6lJ/kRU4LhXD2FB9GTBeHYCGC8m8AX4Den/V\n5woIMDBEViOagz3rUAUB2GR5t0bhoiHVRTrhI0UyKnIZsqM21eVSZlOf7W7AaV0s\nlpsh/RAV0QbEJQLKoWgdFDwodsMN0mDJYKOJUNPcXawXK4L/AczpfQoeaTsCAwEA\nAQKCAgANifs6yQVESlGOMwnEO6ffUYlF7imMrb9+OYnAAZZdErY1ac1EzkwGEYk9\nnwVLWv+yW0AODUGNvWEKoyP/8oF0N/Zst4RK3pAlikvpBPeuIiExx+JqbtxNtR0A\nZPA+aStTQDb1H9p1nOVH8Fs0og88nO/dsfridDlndPIXip57p7IBSw/zTgh8Utfe\neACjoZrSoa0BVBN2ciEZdkBJRVLVINyIilaoI0VAQlV4/qrOwmcH4DG/ybTAmtiM\nrqBvMgxXbfoV4Ij9cg6/h9g44OopmqqxrQhLzoDMUq32rXZ8ivZwaZrjSFtpyNmO\nYI/9PrRkCBKcaJStHTe56fUHjyeKfZ8lnz4e+lp4Zz6Ymm4VKN6Iae0ng1M8tvxE\nMHFmsjxUSICAwp4VTIGWrhJdIooEarOhEksJwPW8ocGpvuy/g4JWkVoo1Iphhj7c\n98mytg4Fb0/Cde0KaGXnYUrYwSpmUhhKroM+J88p0NSpaCx81B36biHkpLwd7eQY\ndlp1QGh85jdu3Gj+fwyExtpYt36coJHSdXtshWMRYO+W6DXiwwlXclxDZBvk2NQI\n3f1ZgDwx5otvhfklkNyYbBiIe1pRcH1kHWRawSOHtoKHe9XBgosgKILmqLzSBPX0\nt4uSQLBQqZ3be3OnCJaYi6HTJE+x5B3LondJYHVdygqFxMfXAQKCAQEA+iOX8A4S\niNnptaRz81xvBbhPmOBTxc4c3znk8xswCu6+0iSCl030WupiRIKPGyWbekb7tf8x\nl6Knhb5FcCOcrLnysvnMWXQMZqdS/NC57zZxQydfd0IzWCch8W/Y/hx65avZ//E7\nuusloQsROuAeVN8EAIO9bws7qp8CFCC0Vg8107ve8MRL+ZFDFNU+ipWxF1im3S9P\n4OelG8VMrxLQKQ0tV0dEg4ExA4ItRSIhvr0klJBZN+6kb/Q4W3EBIbkJ7pHN3xGV\nWWMbzM+EQv8wMhcpiN4y3dFAPTE3n55rPk1r3ZX4RXyXoXLa4hLqAtjuW78ZqonT\nyzsoPCGnb5MzmwKCAQEAxDe0jl7zSx6c//coQ7YhMFtatyFStYLLKgYe4oOc3jRO\n7RaXd8rza02KVwgKE92xJn7aE+co616CnCcO/ixt/9JYedfdFAzOrRkP3c9Jmebd\neh2Mw+AkuVosC7X3KGBzGo7Tjmo4Dc7yJdDZSuX6DSDckF/1yChbkYvJUVsj5ouP\n6P8jp9LoNbxuMKjMIjx605Rm0CEzsUiEHsfV57oQwV/tXlcAUegT7vpEMYrGFVLH\n8OwuxysSSTNCy22G7Ph73aktu/BuaK1mydbaMKRtH6QCx/ezae2uV99q2tn0YzaN\nRnYC43guG8MseX4cA2+ng2p/9B1kkKvUSb0Ayc4K4QKCAQAhNaqNb4DcdHoH6K6Q\nR9xhmQfQVzAoGeZRaMFR2XE2cl4ZTkmcRvhDPc0QJXlUdFjBEj2G+zudUzYElq9n\nZQL/F6z2QB32XmbrFhn5gMi+zq6Y6NhO4BYrBP8Hq/7WNffHGFrYFTIF7gRP7kU6\nWNkOEZHZc6Qp4wbn7zZ6b6Ehr+FInC/MLXOczcFnOayU/6zEWbvFr+teA8My/a3h\nrJDAcoRriwW4o+Va/uR9wjtStI/vvX5q458nUfhNg6JP1N5Rsz/u9smqVXMybPa1\nYmYGsHaOOlnsg0SRG0C0S3cXjXXdtHSC3TjQcYxH6ZTyDdUPjz6cGrJo0BDWcu1k\n7dkzAoIBACBQcDrWJkkjxIVfBdGI6BRXpyvrn/xmiuDj2yhAto/dm3XuN4mx8b6l\nKXhFyasV4nvNfkqy0glZKjdfM1fmp0LvOETwqOcJaOwW6YcFAUEIRUc8IJeNjV69\nG+3dzNNoduxTw0F7+rlDcJuLto1gLHsHA2v/cbHB+7qPg9sTIGlyaIPdqNiVokpf\nOuJmmh+1SCEaGoiCP0oeACw1iuO7v9Co5KWZvGLAzq+Xpa1nBlIyrNzfeKCyVjOZ\n7pEj+4mBLp0FpJOD+BrjG793070ZByOj1hVqlLCIRSMRlz5tkJLaRA/rlXQysZ0+\n2k8z1pc2RyccXfAs+wfcVHzEVKHnfeECggEBANyooP/a2v70RVLEIJh0ejhdZpPb\nl4oRKMqRDSchg9lnlq07yVLWQA6wM+jcrfl25uM+6UCPWGGYQzwlTLnWUX/UFCLV\njHBUa+aZ+Q1alb6CZfSb+va6i0bmWL9pRtdKSSpZcKHySqAoBMwRMcWKY14kD7ta\nmNGVNjtIp1VaQ6On8QS4FiLaEhzW7vl8ph9LuUu6IIg/nYnbSq9lY5Sm1mmKyD23\nS7R9NwFz8hKHUwCyEIuE4wCPoG/tm9Md8jENzh+OnsVahAjYhgvJFDOnqEra7UdW\nIc4drB7k42UfGq6abd6l4VnnqCtmlcgSC0nG8pMAdK/iZrLNICw/ys6nNxE=\n-----END RSA PRIVATE KEY-----\n",
            "content_base64": null,
            "content_base64sha256": "pCa4HnpeNOFwcvynUm0C00YVTC18yJG7SdumbJ0O0tw=",
            "content_base64sha512": "x0F8s2gsR6rA8z3xZXb2xzZoswlhFhauoOGjREVS5LUYLo0YA1bG5V3ERFeKFjy0QqJcYDe41S0RLxXUKpcNDg==",
            "content_md5": "db0f2c71c3323f30891d746bf0af3ea1",
            "content_sha1": "32bcbae4c56e448dfe5f6566735e8dc9760600d4",
            "content_sha256": "a426b81e7a5e34e17072fca7526d02d346154c2d7cc891bb49dba66c9d0ed2dc",
            "content_sha512": "c7417cb3682c47aac0f33df16576f6c73668b309611616aea0e1a3444552e4b5182e8d180356c6e55dc444578a163cb442a25c6037b8d52d112f15d42a970d0e",
            "directory_permission": "0777",
            "file_permission": "0400",
            "filename": "./indexer-key.pem",
            "id": "32bcbae4c56e448dfe5f6566735e8dc9760600d4",
            "sensitive_content": null,
            "source": null
          },
          "sensitive_attributes": [
            [
              {
                "type": "get_attr",
                "value": "content"
              }
            ],
            [
              {
                "type": "get_attr",
                "value": "sensitive_content"
              }
            ]
          ],
          "identity_schema_version": 0,
          "dependencies": [
            "tls_private_key.ec2_key"
          ]
        }
      ]
    },
    {
      "mode": "managed",
      "type": "tls_private_key",
      "name": "ec2_key",
      "provider": "provider[\"registry.terraform.io/hashicorp/tls\"]",
      "instances": [
        {
          "schema_version": 1,
          "attributes": {
            "algorithm": "RSA",
            "ecdsa_curve": "P224",
            "id": "fb645eef0327d0b05710f7a6bfb1d0c42a51fada",
            "private_key_openssh": "-----BEGIN OPENSSH PRIVATE KEY-----\nb3BlbnNzaC1rZXktdjEAAAAABG5vbmUAAAAEbm9uZQAAAAAAAAABAAACFwAAAAdz\nc2gtcnNhAAAAAwEAAQAAAgEAv7muZZKzEsjJYIDFxI8pil3ZB0U56BCaqRni4PyX\nRN82qJoliZnSqVoD76Qdx9DRnCcTUmHGoztzuIrgh8WqFG84PPRUNiVWvYkKlS3X\nBE3Y1OnieqZRrVOQyeXtKCBmd61exi9Tt9U8OrmXZdm26P+Vf1Pj7HrK4Sc/wBg6\nwpwU2nHMImfCnpuOyVdZXppa86MMxzIMh7i6gEvErOUDAxSrVZDh0vgchEqpOmu+\nXTfbZYQu6BLWTzCFLG2WHclSnMgaw72PC3PzsnsCCAc/pDjhfBzfhVrANi4mIdJD\nX+L1WEky8HhLWPY6XtE5L3/CMrHRyGsml+PyO9V1ku2V5GFLxMVvzP1tSKEyR/ia\nnd8amGpsYM+MNO/b9X3eCKGdjQTAJmanLBDxhJiAYF6JjCuBrITfRpkaQVY9lfT6\nU7RlBh/OBWaZwFbQt00qOC6orKDK4l4Q4f5+any3vOa3wcaf1mxjrQnZ0r4lRw5l\nrjXnA/lXy3qB1/ReeozPBG0oOyfW8uC2yKdk6lJ/kRU4LhXD2FB9GTBeHYCGC8m8\nAX4Den/V5woIMDBEViOagz3rUAUB2GR5t0bhoiHVRTrhI0UyKnIZsqM21eVSZlOf\n7W7AaV0slpsh/RAV0QbEJQLKoWgdFDwodsMN0mDJYKOJUNPcXawXK4L/AczpfQoe\naTsAAAc4hNiddoTYnXYAAAAHc3NoLXJzYQAAAgEAv7muZZKzEsjJYIDFxI8pil3Z\nB0U56BCaqRni4PyXRN82qJoliZnSqVoD76Qdx9DRnCcTUmHGoztzuIrgh8WqFG84\nPPRUNiVWvYkKlS3XBE3Y1OnieqZRrVOQyeXtKCBmd61exi9Tt9U8OrmXZdm26P+V\nf1Pj7HrK4Sc/wBg6wpwU2nHMImfCnpuOyVdZXppa86MMxzIMh7i6gEvErOUDAxSr\nVZDh0vgchEqpOmu+XTfbZYQu6BLWTzCFLG2WHclSnMgaw72PC3PzsnsCCAc/pDjh\nfBzfhVrANi4mIdJDX+L1WEky8HhLWPY6XtE5L3/CMrHRyGsml+PyO9V1ku2V5GFL\nxMVvzP1tSKEyR/iand8amGpsYM+MNO/b9X3eCKGdjQTAJmanLBDxhJiAYF6JjCuB\nrITfRpkaQVY9lfT6U7RlBh/OBWaZwFbQt00qOC6orKDK4l4Q4f5+any3vOa3wcaf\n1mxjrQnZ0r4lRw5lrjXnA/lXy3qB1/ReeozPBG0oOyfW8uC2yKdk6lJ/kRU4LhXD\n2FB9GTBeHYCGC8m8AX4Den/V5woIMDBEViOagz3rUAUB2GR5t0bhoiHVRTrhI0Uy\nKnIZsqM21eVSZlOf7W7AaV0slpsh/RAV0QbEJQLKoWgdFDwodsMN0mDJYKOJUNPc\nXawXK4L/AczpfQoeaTsAAAADAQABAAACAA2J+zrJBURKUY4zCcQ7p99RiUXuKYyt\nv345icABll0StjVpzUTOTAYRiT2fBUta/7JbQA4NQY29YQqjI//ygXQ39my3hEre\nkCWKS+kE964iITHH4mpu3E21HQBk8D5pK1NANvUf2nWc5UfwWzSiDzyc792x+uJ0\nOWd08heKnnunsgFLD/NOCHxS1954AKOhmtKhrQFUE3ZyIRl2QElFUtUg3IiKVqgj\nRUBCVXj+qs7CZwfgMb/JtMCa2IyuoG8yDFdt+hXgiP1yDr+H2Djg6imaqrGtCEvO\ngMxSrfatdnyK9nBpmuNIW2nI2Y5gj/0+tGQIEpxolK0dN7np9QePJ4p9nyWfPh76\nWnhnPpiabhUo3ohp7SeDUzy2/EQwcWayPFRIgIDCnhVMgZauEl0iigRqs6ESSwnA\n9byhwam+7L+DglaRWijUimGGPtz3ybK2DgVvT8J17QpoZedhStjBKmZSGEqugz4n\nzynQ1KloLHzUHfpuIeSkvB3t5Bh2WnVAaHzmN27caP5/DITG2li3fpygkdJ1e2yF\nYxFg75boNeLDCVdyXENkG+TY1Ajd/VmAPDHmi2+F+SWQ3JhsGIh7WlFwfWQdZFrB\nI4e2god71cGCiyAoguaovNIE9fS3i5JAsFCpndt7c6cIlpiLodMkT7HkHcuid0lg\ndV3KCoXEx9cBAAABAQDcqKD/2tr+9EVSxCCYdHo4XWaT25eKESjKkQ0nIYPZZ5at\nO8lS1kAOsDPo3K35dubjPulAj1hhmEM8JUy51lF/1BQi1YxwVGvmmfkNWpW+gmX0\nm/r2uotG5li/aUbXSkkqWXCh8kqgKATMETHFimNeJA+7WpjRlTY7SKdVWkOjp/EE\nuBYi2hIc1u75fKYfS7lLuiCIP52J20qvZWOUptZpisg9t0u0fTcBc/ISh1MAshCL\nhOMAj6Bv7ZvTHfIxDc4fjp7FWoQI2IYLyRQzp6hK2u1HViHOHawe5ONlHxqumm3e\npeFZ56grZpXIEgtJxvKTAHSv4mayzSAsP8rOpzcRAAABAQD6I5fwDhKI2em1pHPz\nXG8FuE+Y4FPFzhzfOeTzGzAK7r7SJIKXTfRa6mJEgo8bJZt6Rvu1/zGXoqeFvkVw\nI5ysufKy+cxZdAxmp1L80LnvNnFDJ193QjNYJyHxb9j+HHrlq9n/8Tu66yWhCxE6\n4B5U3wQAg71vCzuqnwIUILRWDzXTu97wxEv5kUMU1T6KlbEXWKbdL0/g56UbxUyv\nEtApDS1XR0SDgTEDgi1FIiG+vSSUkFk37qRv9DhbcQEhuQnukc3fEZVZYxvMz4RC\n/zAyFymI3jLd0UA9MTefnms+TWvdlfhFfJehctriEuoC2O5bvxmqidPLOyg8Iadv\nkzObAAABAQDEN7SOXvNLHpz/9yhDtiEwW1q3IVK1gssqBh7ig5zeNE7tFpd3yvNr\nTYpXCAoT3bEmftoT5yjrXoKcJw7+LG3/0lh5190UDM6tGQ/dz0mZ5t16HYzD4CS5\nWiwLtfcoYHMajtOOajgNzvIl0NlK5foNINyQX/XIKFuRi8lRWyPmi4/o/yOn0ug1\nvG4wqMwiPHrTlGbQITOxSIQex9XnuhDBX+1eVwBR6BPu+kQxisYVUsfw7C7HKxJJ\nM0LLbYbs+HvdqS278G5orWbJ1towpG0fpALH97Np7a5X32ra2fRjNo1GdgLjeC4b\nwyx5fhwDb6eDan/0HWSQq9RJvQDJzgrhAAAAAAEC\n-----END OPENSSH PRIVATE KEY-----\n",
            "private_key_pem": "-----BEGIN RSA PRIVATE KEY-----\nMIIJKAIBAAKCAgEAv7muZZKzEsjJYIDFxI8pil3ZB0U56BCaqRni4PyXRN82qJol\niZnSqVoD76Qdx9DRnCcTUmHGoztzuIrgh8WqFG84PPRUNiVWvYkKlS3XBE3Y1Oni\neqZRrVOQyeXtKCBmd61exi9Tt9U8OrmXZdm26P+Vf1Pj7HrK4Sc/wBg6wpwU2nHM\nImfCnpuOyVdZXppa86MMxzIMh7i6gEvErOUDAxSrVZDh0vgchEqpOmu+XTfbZYQu\n6BLWTzCFLG2WHclSnMgaw72PC3PzsnsCCAc/pDjhfBzfhVrANi4mIdJDX+L1WEky\n8HhLWPY6XtE5L3/CMrHRyGsml+PyO9V1ku2V5GFLxMVvzP1tSKEyR/iand8amGps\nYM+MNO/b9X3eCKGdjQTAJmanLBDxhJiAYF6JjCuBrITfRpkaQVY9lfT6U7RlBh/O\nBWaZwFbQt00qOC6orKDK4l4Q4f5+any3vOa3wcaf1mxjrQnZ0r4lRw5lrjXnA/lX\ny3qB1/ReeozPBG0oOyfW8uC2yKdk6lJ/kRU4LhXD2FB9GTBeHYCGC8m8AX4Den/V\n5woIMDBEViOagz3rUAUB2GR5t0bhoiHVRTrhI0UyKnIZsqM21eVSZlOf7W7AaV0s\nlpsh/RAV0QbEJQLKoWgdFDwodsMN0mDJYKOJUNPcXawXK4L/AczpfQoeaTsCAwEA\nAQKCAgANifs6yQVESlGOMwnEO6ffUYlF7imMrb9+OYnAAZZdErY1ac1EzkwGEYk9\nnwVLWv+yW0AODUGNvWEKoyP/8oF0N/Zst4RK3pAlikvpBPeuIiExx+JqbtxNtR0A\nZPA+aStTQDb1H9p1nOVH8Fs0og88nO/dsfridDlndPIXip57p7IBSw/zTgh8Utfe\neACjoZrSoa0BVBN2ciEZdkBJRVLVINyIilaoI0VAQlV4/qrOwmcH4DG/ybTAmtiM\nrqBvMgxXbfoV4Ij9cg6/h9g44OopmqqxrQhLzoDMUq32rXZ8ivZwaZrjSFtpyNmO\nYI/9PrRkCBKcaJStHTe56fUHjyeKfZ8lnz4e+lp4Zz6Ymm4VKN6Iae0ng1M8tvxE\nMHFmsjxUSICAwp4VTIGWrhJdIooEarOhEksJwPW8ocGpvuy/g4JWkVoo1Iphhj7c\n98mytg4Fb0/Cde0KaGXnYUrYwSpmUhhKroM+J88p0NSpaCx81B36biHkpLwd7eQY\ndlp1QGh85jdu3Gj+fwyExtpYt36coJHSdXtshWMRYO+W6DXiwwlXclxDZBvk2NQI\n3f1ZgDwx5otvhfklkNyYbBiIe1pRcH1kHWRawSOHtoKHe9XBgosgKILmqLzSBPX0\nt4uSQLBQqZ3be3OnCJaYi6HTJE+x5B3LondJYHVdygqFxMfXAQKCAQEA+iOX8A4S\niNnptaRz81xvBbhPmOBTxc4c3znk8xswCu6+0iSCl030WupiRIKPGyWbekb7tf8x\nl6Knhb5FcCOcrLnysvnMWXQMZqdS/NC57zZxQydfd0IzWCch8W/Y/hx65avZ//E7\nuusloQsROuAeVN8EAIO9bws7qp8CFCC0Vg8107ve8MRL+ZFDFNU+ipWxF1im3S9P\n4OelG8VMrxLQKQ0tV0dEg4ExA4ItRSIhvr0klJBZN+6kb/Q4W3EBIbkJ7pHN3xGV\nWWMbzM+EQv8wMhcpiN4y3dFAPTE3n55rPk1r3ZX4RXyXoXLa4hLqAtjuW78ZqonT\nyzsoPCGnb5MzmwKCAQEAxDe0jl7zSx6c//coQ7YhMFtatyFStYLLKgYe4oOc3jRO\n7RaXd8rza02KVwgKE92xJn7aE+co616CnCcO/ixt/9JYedfdFAzOrRkP3c9Jmebd\neh2Mw+AkuVosC7X3KGBzGo7Tjmo4Dc7yJdDZSuX6DSDckF/1yChbkYvJUVsj5ouP\n6P8jp9LoNbxuMKjMIjx605Rm0CEzsUiEHsfV57oQwV/tXlcAUegT7vpEMYrGFVLH\n8OwuxysSSTNCy22G7Ph73aktu/BuaK1mydbaMKRtH6QCx/ezae2uV99q2tn0YzaN\nRnYC43guG8MseX4cA2+ng2p/9B1kkKvUSb0Ayc4K4QKCAQAhNaqNb4DcdHoH6K6Q\nR9xhmQfQVzAoGeZRaMFR2XE2cl4ZTkmcRvhDPc0QJXlUdFjBEj2G+zudUzYElq9n\nZQL/F6z2QB32XmbrFhn5gMi+zq6Y6NhO4BYrBP8Hq/7WNffHGFrYFTIF7gRP7kU6\nWNkOEZHZc6Qp4wbn7zZ6b6Ehr+FInC/MLXOczcFnOayU/6zEWbvFr+teA8My/a3h\nrJDAcoRriwW4o+Va/uR9wjtStI/vvX5q458nUfhNg6JP1N5Rsz/u9smqVXMybPa1\nYmYGsHaOOlnsg0SRG0C0S3cXjXXdtHSC3TjQcYxH6ZTyDdUPjz6cGrJo0BDWcu1k\n7dkzAoIBACBQcDrWJkkjxIVfBdGI6BRXpyvrn/xmiuDj2yhAto/dm3XuN4mx8b6l\nKXhFyasV4nvNfkqy0glZKjdfM1fmp0LvOETwqOcJaOwW6YcFAUEIRUc8IJeNjV69\nG+3dzNNoduxTw0F7+rlDcJuLto1gLHsHA2v/cbHB+7qPg9sTIGlyaIPdqNiVokpf\nOuJmmh+1SCEaGoiCP0oeACw1iuO7v9Co5KWZvGLAzq+Xpa1nBlIyrNzfeKCyVjOZ\n7pEj+4mBLp0FpJOD+BrjG793070ZByOj1hVqlLCIRSMRlz5tkJLaRA/rlXQysZ0+\n2k8z1pc2RyccXfAs+wfcVHzEVKHnfeECggEBANyooP/a2v70RVLEIJh0ejhdZpPb\nl4oRKMqRDSchg9lnlq07yVLWQA6wM+jcrfl25uM+6UCPWGGYQzwlTLnWUX/UFCLV\njHBUa+aZ+Q1alb6CZfSb+va6i0bmWL9pRtdKSSpZcKHySqAoBMwRMcWKY14kD7ta\nmNGVNjtIp1VaQ6On8QS4FiLaEhzW7vl8ph9LuUu6IIg/nYnbSq9lY5Sm1mmKyD23\nS7R9NwFz8hKHUwCyEIuE4wCPoG/tm9Md8jENzh+OnsVahAjYhgvJFDOnqEra7UdW\nIc4drB7k42UfGq6abd6l4VnnqCtmlcgSC0nG8pMAdK/iZrLNICw/ys6nNxE=\n-----END RSA PRIVATE KEY-----\n",
            "private_key_pem_pkcs8": "-----BEGIN PRIVATE KEY-----\nMIIJQgIBADANBgkqhkiG9w0BAQEFAASCCSwwggkoAgEAAoICAQC/ua5lkrMSyMlg\ngMXEjymKXdkHRTnoEJqpGeLg/JdE3zaomiWJmdKpWgPvpB3H0NGcJxNSYcajO3O4\niuCHxaoUbzg89FQ2JVa9iQqVLdcETdjU6eJ6plGtU5DJ5e0oIGZ3rV7GL1O31Tw6\nuZdl2bbo/5V/U+PsesrhJz/AGDrCnBTaccwiZ8Kem47JV1lemlrzowzHMgyHuLqA\nS8Ss5QMDFKtVkOHS+ByESqk6a75dN9tlhC7oEtZPMIUsbZYdyVKcyBrDvY8Lc/Oy\newIIBz+kOOF8HN+FWsA2LiYh0kNf4vVYSTLweEtY9jpe0Tkvf8IysdHIayaX4/I7\n1XWS7ZXkYUvExW/M/W1IoTJH+Jqd3xqYamxgz4w079v1fd4IoZ2NBMAmZqcsEPGE\nmIBgXomMK4GshN9GmRpBVj2V9PpTtGUGH84FZpnAVtC3TSo4LqisoMriXhDh/n5q\nfLe85rfBxp/WbGOtCdnSviVHDmWuNecD+VfLeoHX9F56jM8EbSg7J9by4LbIp2Tq\nUn+RFTguFcPYUH0ZMF4dgIYLybwBfgN6f9XnCggwMERWI5qDPetQBQHYZHm3RuGi\nIdVFOuEjRTIqchmyozbV5VJmU5/tbsBpXSyWmyH9EBXRBsQlAsqhaB0UPCh2ww3S\nYMlgo4lQ09xdrBcrgv8BzOl9Ch5pOwIDAQABAoICAA2J+zrJBURKUY4zCcQ7p99R\niUXuKYytv345icABll0StjVpzUTOTAYRiT2fBUta/7JbQA4NQY29YQqjI//ygXQ3\n9my3hErekCWKS+kE964iITHH4mpu3E21HQBk8D5pK1NANvUf2nWc5UfwWzSiDzyc\n792x+uJ0OWd08heKnnunsgFLD/NOCHxS1954AKOhmtKhrQFUE3ZyIRl2QElFUtUg\n3IiKVqgjRUBCVXj+qs7CZwfgMb/JtMCa2IyuoG8yDFdt+hXgiP1yDr+H2Djg6ima\nqrGtCEvOgMxSrfatdnyK9nBpmuNIW2nI2Y5gj/0+tGQIEpxolK0dN7np9QePJ4p9\nnyWfPh76WnhnPpiabhUo3ohp7SeDUzy2/EQwcWayPFRIgIDCnhVMgZauEl0iigRq\ns6ESSwnA9byhwam+7L+DglaRWijUimGGPtz3ybK2DgVvT8J17QpoZedhStjBKmZS\nGEqugz4nzynQ1KloLHzUHfpuIeSkvB3t5Bh2WnVAaHzmN27caP5/DITG2li3fpyg\nkdJ1e2yFYxFg75boNeLDCVdyXENkG+TY1Ajd/VmAPDHmi2+F+SWQ3JhsGIh7WlFw\nfWQdZFrBI4e2god71cGCiyAoguaovNIE9fS3i5JAsFCpndt7c6cIlpiLodMkT7Hk\nHcuid0lgdV3KCoXEx9cBAoIBAQD6I5fwDhKI2em1pHPzXG8FuE+Y4FPFzhzfOeTz\nGzAK7r7SJIKXTfRa6mJEgo8bJZt6Rvu1/zGXoqeFvkVwI5ysufKy+cxZdAxmp1L8\n0LnvNnFDJ193QjNYJyHxb9j+HHrlq9n/8Tu66yWhCxE64B5U3wQAg71vCzuqnwIU\nILRWDzXTu97wxEv5kUMU1T6KlbEXWKbdL0/g56UbxUyvEtApDS1XR0SDgTEDgi1F\nIiG+vSSUkFk37qRv9DhbcQEhuQnukc3fEZVZYxvMz4RC/zAyFymI3jLd0UA9MTef\nnms+TWvdlfhFfJehctriEuoC2O5bvxmqidPLOyg8IadvkzObAoIBAQDEN7SOXvNL\nHpz/9yhDtiEwW1q3IVK1gssqBh7ig5zeNE7tFpd3yvNrTYpXCAoT3bEmftoT5yjr\nXoKcJw7+LG3/0lh5190UDM6tGQ/dz0mZ5t16HYzD4CS5WiwLtfcoYHMajtOOajgN\nzvIl0NlK5foNINyQX/XIKFuRi8lRWyPmi4/o/yOn0ug1vG4wqMwiPHrTlGbQITOx\nSIQex9XnuhDBX+1eVwBR6BPu+kQxisYVUsfw7C7HKxJJM0LLbYbs+HvdqS278G5o\nrWbJ1towpG0fpALH97Np7a5X32ra2fRjNo1GdgLjeC4bwyx5fhwDb6eDan/0HWSQ\nq9RJvQDJzgrhAoIBACE1qo1vgNx0egforpBH3GGZB9BXMCgZ5lFowVHZcTZyXhlO\nSZxG+EM9zRAleVR0WMESPYb7O51TNgSWr2dlAv8XrPZAHfZeZusWGfmAyL7Orpjo\n2E7gFisE/wer/tY198cYWtgVMgXuBE/uRTpY2Q4RkdlzpCnjBufvNnpvoSGv4Uic\nL8wtc5zNwWc5rJT/rMRZu8Wv614DwzL9reGskMByhGuLBbij5Vr+5H3CO1K0j++9\nfmrjnydR+E2Dok/U3lGzP+72yapVczJs9rViZgawdo46WeyDRJEbQLRLdxeNdd20\ndILdONBxjEfplPIN1Q+PPpwasmjQENZy7WTt2TMCggEAIFBwOtYmSSPEhV8F0Yjo\nFFenK+uf/GaK4OPbKEC2j92bde43ibHxvqUpeEXJqxXie81+SrLSCVkqN18zV+an\nQu84RPCo5wlo7BbphwUBQQhFRzwgl42NXr0b7d3M02h27FPDQXv6uUNwm4u2jWAs\newcDa/9xscH7uo+D2xMgaXJog92o2JWiSl864maaH7VIIRoaiII/Sh4ALDWK47u/\n0KjkpZm8YsDOr5elrWcGUjKs3N94oLJWM5nukSP7iYEunQWkk4P4GuMbv3fTvRkH\nI6PWFWqUsIhFIxGXPm2QktpED+uVdDKxnT7aTzPWlzZHJxxd8Cz7B9xUfMRUoed9\n4QKCAQEA3Kig/9ra/vRFUsQgmHR6OF1mk9uXihEoypENJyGD2WeWrTvJUtZADrAz\n6Nyt+Xbm4z7pQI9YYZhDPCVMudZRf9QUItWMcFRr5pn5DVqVvoJl9Jv69rqLRuZY\nv2lG10pJKllwofJKoCgEzBExxYpjXiQPu1qY0ZU2O0inVVpDo6fxBLgWItoSHNbu\n+XymH0u5S7ogiD+didtKr2VjlKbWaYrIPbdLtH03AXPyEodTALIQi4TjAI+gb+2b\n0x3yMQ3OH46exVqECNiGC8kUM6eoStrtR1Yhzh2sHuTjZR8arppt3qXhWeeoK2aV\nyBILScbykwB0r+Jmss0gLD/Kzqc3EQ==\n-----END PRIVATE KEY-----\n",
            "public_key_fingerprint_md5": "1f:65:95:55:ab:95:87:a5:ce:06:88:76:15:6c:d9:6a",
            "public_key_fingerprint_sha256": "SHA256:QuEvIh0A3Pg/DKtklyKPzv0gcAsKmwBUOX8uWSYlpBE",
            "public_key_openssh": "ssh-rsa AAAAB3NzaC1yc2EAAAADAQABAAACAQC/ua5lkrMSyMlggMXEjymKXdkHRTnoEJqpGeLg/JdE3zaomiWJmdKpWgPvpB3H0NGcJxNSYcajO3O4iuCHxaoUbzg89FQ2JVa9iQqVLdcETdjU6eJ6plGtU5DJ5e0oIGZ3rV7GL1O31Tw6uZdl2bbo/5V/U+PsesrhJz/AGDrCnBTaccwiZ8Kem47JV1lemlrzowzHMgyHuLqAS8Ss5QMDFKtVkOHS+ByESqk6a75dN9tlhC7oEtZPMIUsbZYdyVKcyBrDvY8Lc/OyewIIBz+kOOF8HN+FWsA2LiYh0kNf4vVYSTLweEtY9jpe0Tkvf8IysdHIayaX4/I71XWS7ZXkYUvExW/M/W1IoTJH+Jqd3xqYamxgz4w079v1fd4IoZ2NBMAmZqcsEPGEmIBgXomMK4GshN9GmRpBVj2V9PpTtGUGH84FZpnAVtC3TSo4LqisoMriXhDh/n5qfLe85rfBxp/WbGOtCdnSviVHDmWuNecD+VfLeoHX9F56jM8EbSg7J9by4LbIp2TqUn+RFTguFcPYUH0ZMF4dgIYLybwBfgN6f9XnCggwMERWI5qDPetQBQHYZHm3RuGiIdVFOuEjRTIqchmyozbV5VJmU5/tbsBpXSyWmyH9EBXRBsQlAsqhaB0UPCh2ww3SYMlgo4lQ09xdrBcrgv8BzOl9Ch5pOw==\n",
            "public_key_pem": "-----BEGIN PUBLIC KEY-----\nMIICIjANBgkqhkiG9w0BAQEFAAOCAg8AMIICCgKCAgEAv7muZZKzEsjJYIDFxI8p\nil3ZB0U56BCaqRni4PyXRN82qJoliZnSqVoD76Qdx9DRnCcTUmHGoztzuIrgh8Wq\nFG84PPRUNiVWvYkKlS3XBE3Y1OnieqZRrVOQyeXtKCBmd61exi9Tt9U8OrmXZdm2\n6P+Vf1Pj7HrK4Sc/wBg6wpwU2nHMImfCnpuOyVdZXppa86MMxzIMh7i6gEvErOUD\nAxSrVZDh0vgchEqpOmu+XTfbZYQu6BLWTzCFLG2WHclSnMgaw72PC3PzsnsCCAc/\npDjhfBzfhVrANi4mIdJDX+L1WEky8HhLWPY6XtE5L3/CMrHRyGsml+PyO9V1ku2V\n5GFLxMVvzP1tSKEyR/iand8amGpsYM+MNO/b9X3eCKGdjQTAJmanLBDxhJiAYF6J\njCuBrITfRpkaQVY9lfT6U7RlBh/OBWaZwFbQt00qOC6orKDK4l4Q4f5+any3vOa3\nwcaf1mxjrQnZ0r4lRw5lrjXnA/lXy3qB1/ReeozPBG0oOyfW8uC2yKdk6lJ/kRU4\nLhXD2FB9GTBeHYCGC8m8AX4Den/V5woIMDBEViOagz3rUAUB2GR5t0bhoiHVRTrh\nI0UyKnIZsqM21eVSZlOf7W7AaV0slpsh/RAV0QbEJQLKoWgdFDwodsMN0mDJYKOJ\nUNPcXawXK4L/AczpfQoeaTsCAwEAAQ==\n-----END PUBLIC KEY-----\n",
            "rsa_bits": 4096
          },
          "sensitive_attributes": [
            [
              {
                "type": "get_attr",
                "value": "private_key_openssh"
              }
            ],
            [
              {
                "type": "get_attr",
                "value": "private_key_pem"
              }
            ],
            [
              {
                "type": "get_attr",
                "value": "private_key_pem_pkcs8"
              }
            ]
          ],
          "identity_schema_version": 0
        }
      ]
    }
  ],
  "check_results": null
}
